// !$*UTF8*$!
{
	archiveVersion = 1;
	classes = {
	};
	objectVersion = 46;
	objects = {

/* Begin PBXBuildFile section */
		189B81D01F46304B006C2B82 /* Constants.swift in Sources */ = {isa = PBXBuildFile; fileRef = 189B81CF1F46304B006C2B82 /* Constants.swift */; };
		189CBF111F45A00A002CE199 /* PokeCell.swift in Sources */ = {isa = PBXBuildFile; fileRef = 189CBF101F45A00A002CE199 /* PokeCell.swift */; };
		189CBF131F45D3AB002CE199 /* csv.swift in Sources */ = {isa = PBXBuildFile; fileRef = 189CBF121F45D3AB002CE199 /* csv.swift */; };
		189CBF151F45DF91002CE199 /* pokemon.ttf in Resources */ = {isa = PBXBuildFile; fileRef = 189CBF141F45DF91002CE199 /* pokemon.ttf */; };
		189CBF1B1F45E405002CE199 /* music.mp3 in Resources */ = {isa = PBXBuildFile; fileRef = 189CBF191F45E405002CE199 /* music.mp3 */; };
		189CBF1C1F45E405002CE199 /* music.png in Resources */ = {isa = PBXBuildFile; fileRef = 189CBF1A1F45E405002CE199 /* music.png */; };
		189CBF1E1F460CB8002CE199 /* PokemonDetailVC.swift in Sources */ = {isa = PBXBuildFile; fileRef = 189CBF1D1F460CB8002CE199 /* PokemonDetailVC.swift */; };
		18B0902C1F44CA8600CA2131 /* AppDelegate.swift in Sources */ = {isa = PBXBuildFile; fileRef = 18B0902B1F44CA8600CA2131 /* AppDelegate.swift */; };
		18B0902E1F44CA8600CA2131 /* ViewController.swift in Sources */ = {isa = PBXBuildFile; fileRef = 18B0902D1F44CA8600CA2131 /* ViewController.swift */; };
		18B090311F44CA8600CA2131 /* Main.storyboard in Resources */ = {isa = PBXBuildFile; fileRef = 18B0902F1F44CA8600CA2131 /* Main.storyboard */; };
		18B090331F44CA8600CA2131 /* Assets.xcassets in Resources */ = {isa = PBXBuildFile; fileRef = 18B090321F44CA8600CA2131 /* Assets.xcassets */; };
		18B090361F44CA8600CA2131 /* LaunchScreen.storyboard in Resources */ = {isa = PBXBuildFile; fileRef = 18B090341F44CA8600CA2131 /* LaunchScreen.storyboard */; };
		18B0903E1F44CC8700CA2131 /* pokemon.csv in Resources */ = {isa = PBXBuildFile; fileRef = 18B0903D1F44CC8700CA2131 /* pokemon.csv */; };
		18B090411F44CD0400CA2131 /* Pokemon.swift in Sources */ = {isa = PBXBuildFile; fileRef = 18B090401F44CD0400CA2131 /* Pokemon.swift */; };
		9504538C82F70279D122B7BA /* Pods_pokedex3.framework in Frameworks */ = {isa = PBXBuildFile; fileRef = AED7E2B801BC29A08A50CEEA /* Pods_pokedex3.framework */; };
/* End PBXBuildFile section */

/* Begin PBXFileReference section */
		189B81CF1F46304B006C2B82 /* Constants.swift */ = {isa = PBXFileReference; fileEncoding = 4; lastKnownFileType = sourcecode.swift; path = Constants.swift; sourceTree = "<group>"; };
		189CBF101F45A00A002CE199 /* PokeCell.swift */ = {isa = PBXFileReference; fileEncoding = 4; lastKnownFileType = sourcecode.swift; path = PokeCell.swift; sourceTree = "<group>"; };
		189CBF121F45D3AB002CE199 /* csv.swift */ = {isa = PBXFileReference; fileEncoding = 4; lastKnownFileType = sourcecode.swift; path = csv.swift; sourceTree = "<group>"; };
		189CBF141F45DF91002CE199 /* pokemon.ttf */ = {isa = PBXFileReference; lastKnownFileType = file; path = pokemon.ttf; sourceTree = "<group>"; };
		189CBF191F45E405002CE199 /* music.mp3 */ = {isa = PBXFileReference; lastKnownFileType = audio.mp3; path = music.mp3; sourceTree = "<group>"; };
		189CBF1A1F45E405002CE199 /* music.png */ = {isa = PBXFileReference; lastKnownFileType = image.png; path = music.png; sourceTree = "<group>"; };
		189CBF1D1F460CB8002CE199 /* PokemonDetailVC.swift */ = {isa = PBXFileReference; fileEncoding = 4; lastKnownFileType = sourcecode.swift; path = PokemonDetailVC.swift; sourceTree = "<group>"; };
		18B090281F44CA8600CA2131 /* pokedex3.app */ = {isa = PBXFileReference; explicitFileType = wrapper.application; includeInIndex = 0; path = pokedex3.app; sourceTree = BUILT_PRODUCTS_DIR; };
		18B0902B1F44CA8600CA2131 /* AppDelegate.swift */ = {isa = PBXFileReference; lastKnownFileType = sourcecode.swift; path = AppDelegate.swift; sourceTree = "<group>"; };
		18B0902D1F44CA8600CA2131 /* ViewController.swift */ = {isa = PBXFileReference; lastKnownFileType = sourcecode.swift; path = ViewController.swift; sourceTree = "<group>"; };
		18B090301F44CA8600CA2131 /* Base */ = {isa = PBXFileReference; lastKnownFileType = file.storyboard; name = Base; path = Base.lproj/Main.storyboard; sourceTree = "<group>"; };
		18B090321F44CA8600CA2131 /* Assets.xcassets */ = {isa = PBXFileReference; lastKnownFileType = folder.assetcatalog; path = Assets.xcassets; sourceTree = "<group>"; };
		18B090351F44CA8600CA2131 /* Base */ = {isa = PBXFileReference; lastKnownFileType = file.storyboard; name = Base; path = Base.lproj/LaunchScreen.storyboard; sourceTree = "<group>"; };
		18B090371F44CA8600CA2131 /* Info.plist */ = {isa = PBXFileReference; lastKnownFileType = text.plist.xml; path = Info.plist; sourceTree = "<group>"; };
		18B0903D1F44CC8700CA2131 /* pokemon.csv */ = {isa = PBXFileReference; fileEncoding = 4; lastKnownFileType = text; path = pokemon.csv; sourceTree = "<group>"; };
		18B090401F44CD0400CA2131 /* Pokemon.swift */ = {isa = PBXFileReference; fileEncoding = 4; lastKnownFileType = sourcecode.swift; path = Pokemon.swift; sourceTree = "<group>"; };
		1F843B171BE923988F51F67F /* Pods-pokedex3.debug.xcconfig */ = {isa = PBXFileReference; includeInIndex = 1; lastKnownFileType = text.xcconfig; name = "Pods-pokedex3.debug.xcconfig"; path = "Pods/Target Support Files/Pods-pokedex3/Pods-pokedex3.debug.xcconfig"; sourceTree = "<group>"; };
		AED7E2B801BC29A08A50CEEA /* Pods_pokedex3.framework */ = {isa = PBXFileReference; explicitFileType = wrapper.framework; includeInIndex = 0; path = Pods_pokedex3.framework; sourceTree = BUILT_PRODUCTS_DIR; };
		DB0FC25ECB8881834DE89DA7 /* Pods-pokedex3.release.xcconfig */ = {isa = PBXFileReference; includeInIndex = 1; lastKnownFileType = text.xcconfig; name = "Pods-pokedex3.release.xcconfig"; path = "Pods/Target Support Files/Pods-pokedex3/Pods-pokedex3.release.xcconfig"; sourceTree = "<group>"; };
/* End PBXFileReference section */

/* Begin PBXFrameworksBuildPhase section */
		18B090251F44CA8600CA2131 /* Frameworks */ = {
			isa = PBXFrameworksBuildPhase;
			buildActionMask = 2147483647;
			files = (
				9504538C82F70279D122B7BA /* Pods_pokedex3.framework in Frameworks */,
			);
			runOnlyForDeploymentPostprocessing = 0;
		};
/* End PBXFrameworksBuildPhase section */

/* Begin PBXGroup section */
		189CBF0F1F459FF0002CE199 /* View */ = {
			isa = PBXGroup;
			children = (
				189CBF101F45A00A002CE199 /* PokeCell.swift */,
			);
			name = View;
			sourceTree = "<group>";
		};
		189CBF161F45DFA5002CE199 /* Controller */ = {
			isa = PBXGroup;
			children = (
				189CBF1D1F460CB8002CE199 /* PokemonDetailVC.swift */,
				18B0902D1F44CA8600CA2131 /* ViewController.swift */,
			);
			name = Controller;
			sourceTree = "<group>";
		};
		189CBF171F45DFBF002CE199 /* Resources */ = {
			isa = PBXGroup;
			children = (
				189CBF191F45E405002CE199 /* music.mp3 */,
				189CBF1A1F45E405002CE199 /* music.png */,
				18B0903D1F44CC8700CA2131 /* pokemon.csv */,
				189CBF141F45DF91002CE199 /* pokemon.ttf */,
			);
			name = Resources;
			sourceTree = "<group>";
		};
		189CBF181F45DFE0002CE199 /* Util */ = {
			isa = PBXGroup;
			children = (
				189CBF121F45D3AB002CE199 /* csv.swift */,
				189B81CF1F46304B006C2B82 /* Constants.swift */,
			);
			name = Util;
			sourceTree = "<group>";
		};
		18B0901F1F44CA8600CA2131 = {
			isa = PBXGroup;
			children = (
				18B0902A1F44CA8600CA2131 /* pokedex3 */,
				18B090291F44CA8600CA2131 /* Products */,
				7943835E2236CCDF06CAFA46 /* Pods */,
				FB15FB228340C9E3AD8D4407 /* Frameworks */,
			);
			sourceTree = "<group>";
		};
		18B090291F44CA8600CA2131 /* Products */ = {
			isa = PBXGroup;
			children = (
				18B090281F44CA8600CA2131 /* pokedex3.app */,
			);
			name = Products;
			sourceTree = "<group>";
		};
		18B0902A1F44CA8600CA2131 /* pokedex3 */ = {
			isa = PBXGroup;
			children = (
				18B0903F1F44CCF900CA2131 /* Model */,
				189CBF0F1F459FF0002CE199 /* View */,
				189CBF161F45DFA5002CE199 /* Controller */,
				189CBF181F45DFE0002CE199 /* Util */,
				189CBF171F45DFBF002CE199 /* Resources */,
				18B0902B1F44CA8600CA2131 /* AppDelegate.swift */,
				18B0902F1F44CA8600CA2131 /* Main.storyboard */,
				18B090321F44CA8600CA2131 /* Assets.xcassets */,
				18B090341F44CA8600CA2131 /* LaunchScreen.storyboard */,
				18B090371F44CA8600CA2131 /* Info.plist */,
			);
			path = pokedex3;
			sourceTree = "<group>";
		};
		18B0903F1F44CCF900CA2131 /* Model */ = {
			isa = PBXGroup;
			children = (
				18B090401F44CD0400CA2131 /* Pokemon.swift */,
			);
			name = Model;
			sourceTree = "<group>";
		};
		7943835E2236CCDF06CAFA46 /* Pods */ = {
			isa = PBXGroup;
			children = (
				1F843B171BE923988F51F67F /* Pods-pokedex3.debug.xcconfig */,
				DB0FC25ECB8881834DE89DA7 /* Pods-pokedex3.release.xcconfig */,
			);
			name = Pods;
			sourceTree = "<group>";
		};
		FB15FB228340C9E3AD8D4407 /* Frameworks */ = {
			isa = PBXGroup;
			children = (
				AED7E2B801BC29A08A50CEEA /* Pods_pokedex3.framework */,
			);
			name = Frameworks;
			sourceTree = "<group>";
		};
/* End PBXGroup section */

/* Begin PBXNativeTarget section */
		18B090271F44CA8600CA2131 /* pokedex3 */ = {
			isa = PBXNativeTarget;
			buildConfigurationList = 18B0903A1F44CA8600CA2131 /* Build configuration list for PBXNativeTarget "pokedex3" */;
			buildPhases = (
				876453CA9FB5DD8B06CD755C /* [CP] Check Pods Manifest.lock */,
				18B090241F44CA8600CA2131 /* Sources */,
				18B090251F44CA8600CA2131 /* Frameworks */,
				18B090261F44CA8600CA2131 /* Resources */,
				3310FD073886F56A45ACB888 /* [CP] Embed Pods Frameworks */,
				A9BDDBDCDD70A0B92495A58F /* [CP] Copy Pods Resources */,
			);
			buildRules = (
			);
			dependencies = (
			);
			name = pokedex3;
			productName = pokedex3;
			productReference = 18B090281F44CA8600CA2131 /* pokedex3.app */;
			productType = "com.apple.product-type.application";
		};
/* End PBXNativeTarget section */

/* Begin PBXProject section */
		18B090201F44CA8600CA2131 /* Project object */ = {
			isa = PBXProject;
			attributes = {
				LastSwiftUpdateCheck = 0820;
				LastUpgradeCheck = 0820;
				ORGANIZATIONNAME = Hans;
				TargetAttributes = {
					18B090271F44CA8600CA2131 = {
						CreatedOnToolsVersion = 8.2.1;
						LastSwiftMigration = 0820;
						ProvisioningStyle = Automatic;
					};
				};
			};
			buildConfigurationList = 18B090231F44CA8600CA2131 /* Build configuration list for PBXProject "pokedex3" */;
			compatibilityVersion = "Xcode 3.2";
			developmentRegion = English;
			hasScannedForEncodings = 0;
			knownRegions = (
				en,
				Base,
			);
			mainGroup = 18B0901F1F44CA8600CA2131;
			productRefGroup = 18B090291F44CA8600CA2131 /* Products */;
			projectDirPath = "";
			projectRoot = "";
			targets = (
				18B090271F44CA8600CA2131 /* pokedex3 */,
			);
		};
/* End PBXProject section */

/* Begin PBXResourcesBuildPhase section */
		18B090261F44CA8600CA2131 /* Resources */ = {
			isa = PBXResourcesBuildPhase;
			buildActionMask = 2147483647;
			files = (
				189CBF151F45DF91002CE199 /* pokemon.ttf in Resources */,
				189CBF1C1F45E405002CE199 /* music.png in Resources */,
				18B090361F44CA8600CA2131 /* LaunchScreen.storyboard in Resources */,
				189CBF1B1F45E405002CE199 /* music.mp3 in Resources */,
				18B090331F44CA8600CA2131 /* Assets.xcassets in Resources */,
				18B0903E1F44CC8700CA2131 /* pokemon.csv in Resources */,
				18B090311F44CA8600CA2131 /* Main.storyboard in Resources */,
			);
			runOnlyForDeploymentPostprocessing = 0;
		};
/* End PBXResourcesBuildPhase section */

/* Begin PBXShellScriptBuildPhase section */
		3310FD073886F56A45ACB888 /* [CP] Embed Pods Frameworks */ = {
			isa = PBXShellScriptBuildPhase;
			buildActionMask = 2147483647;
			files = (
			);
			inputPaths = (
				"${SRCROOT}/Pods/Target Support Files/Pods-pokedex3/Pods-pokedex3-frameworks.sh",
				"${BUILT_PRODUCTS_DIR}/Alamofire/Alamofire.framework",
			);
			name = "[CP] Embed Pods Frameworks";
			outputPaths = (
				"${TARGET_BUILD_DIR}/${FRAMEWORKS_FOLDER_PATH}/Alamofire.framework",
			);
			runOnlyForDeploymentPostprocessing = 0;
			shellPath = /bin/sh;
			shellScript = "\"${SRCROOT}/Pods/Target Support Files/Pods-pokedex3/Pods-pokedex3-frameworks.sh\"\n";
			showEnvVarsInLog = 0;
		};
		876453CA9FB5DD8B06CD755C /* [CP] Check Pods Manifest.lock */ = {
			isa = PBXShellScriptBuildPhase;
			buildActionMask = 2147483647;
			files = (
			);
			inputPaths = (
				"${PODS_PODFILE_DIR_PATH}/Podfile.lock",
				"${PODS_ROOT}/Manifest.lock",
			);
			name = "[CP] Check Pods Manifest.lock";
			outputPaths = (
				"$(DERIVED_FILE_DIR)/Pods-pokedex3-checkManifestLockResult.txt",
			);
			runOnlyForDeploymentPostprocessing = 0;
			shellPath = /bin/sh;
			shellScript = "diff \"${PODS_PODFILE_DIR_PATH}/Podfile.lock\" \"${PODS_ROOT}/Manifest.lock\" > /dev/null\nif [ $? != 0 ] ; then\n    # print error to STDERR\n    echo \"error: The sandbox is not in sync with the Podfile.lock. Run 'pod install' or update your CocoaPods installation.\" >&2\n    exit 1\nfi\n# This output is used by Xcode 'outputs' to avoid re-running this script phase.\necho \"SUCCESS\" > \"${SCRIPT_OUTPUT_FILE_0}\"\n";
			showEnvVarsInLog = 0;
		};
		A9BDDBDCDD70A0B92495A58F /* [CP] Copy Pods Resources */ = {
			isa = PBXShellScriptBuildPhase;
			buildActionMask = 2147483647;
			files = (
			);
			inputPaths = (
			);
			name = "[CP] Copy Pods Resources";
			outputPaths = (
			);
			runOnlyForDeploymentPostprocessing = 0;
			shellPath = /bin/sh;
			shellScript = "\"${SRCROOT}/Pods/Target Support Files/Pods-pokedex3/Pods-pokedex3-resources.sh\"\n";
			showEnvVarsInLog = 0;
		};
/* End PBXShellScriptBuildPhase section */

/* Begin PBXSourcesBuildPhase section */
		18B090241F44CA8600CA2131 /* Sources */ = {
			isa = PBXSourcesBuildPhase;
			buildActionMask = 2147483647;
			files = (
				189CBF111F45A00A002CE199 /* PokeCell.swift in Sources */,
				18B0902E1F44CA8600CA2131 /* ViewController.swift in Sources */,
				18B0902C1F44CA8600CA2131 /* AppDelegate.swift in Sources */,
				189CBF1E1F460CB8002CE199 /* PokemonDetailVC.swift in Sources */,
				189B81D01F46304B006C2B82 /* Constants.swift in Sources */,
				18B090411F44CD0400CA2131 /* Pokemon.swift in Sources */,
				189CBF131F45D3AB002CE199 /* csv.swift in Sources */,
			);
			runOnlyForDeploymentPostprocessing = 0;
		};
/* End PBXSourcesBuildPhase section */

/* Begin PBXVariantGroup section */
		18B0902F1F44CA8600CA2131 /* Main.storyboard */ = {
			isa = PBXVariantGroup;
			children = (
				18B090301F44CA8600CA2131 /* Base */,
			);
			name = Main.storyboard;
			sourceTree = "<group>";
		};
		18B090341F44CA8600CA2131 /* LaunchScreen.storyboard */ = {
			isa = PBXVariantGroup;
			children = (
				18B090351F44CA8600CA2131 /* Base */,
			);
			name = LaunchScreen.storyboard;
			sourceTree = "<group>";
		};
/* End PBXVariantGroup section */

/* Begin XCBuildConfiguration section */
		18B090381F44CA8600CA2131 /* Debug */ = {
			isa = XCBuildConfiguration;
			buildSettings = {
				ALWAYS_SEARCH_USER_PATHS = NO;
				CLANG_ANALYZER_NONNULL = YES;
				CLANG_CXX_LANGUAGE_STANDARD = "gnu++0x";
				CLANG_CXX_LIBRARY = "libc++";
				CLANG_ENABLE_MODULES = YES;
				CLANG_ENABLE_OBJC_ARC = YES;
				CLANG_WARN_BOOL_CONVERSION = YES;
				CLANG_WARN_CONSTANT_CONVERSION = YES;
				CLANG_WARN_DIRECT_OBJC_ISA_USAGE = YES_ERROR;
				CLANG_WARN_DOCUMENTATION_COMMENTS = YES;
				CLANG_WARN_EMPTY_BODY = YES;
				CLANG_WARN_ENUM_CONVERSION = YES;
				CLANG_WARN_INFINITE_RECURSION = YES;
				CLANG_WARN_INT_CONVERSION = YES;
				CLANG_WARN_OBJC_ROOT_CLASS = YES_ERROR;
				CLANG_WARN_SUSPICIOUS_MOVE = YES;
				CLANG_WARN_UNREACHABLE_CODE = YES;
				CLANG_WARN__DUPLICATE_METHOD_MATCH = YES;
				"CODE_SIGN_IDENTITY[sdk=iphoneos*]" = "iPhone Developer";
				COPY_PHASE_STRIP = NO;
				DEBUG_INFORMATION_FORMAT = dwarf;
				ENABLE_STRICT_OBJC_MSGSEND = YES;
				ENABLE_TESTABILITY = YES;
				GCC_C_LANGUAGE_STANDARD = gnu99;
				GCC_DYNAMIC_NO_PIC = NO;
				GCC_NO_COMMON_BLOCKS = YES;
				GCC_OPTIMIZATION_LEVEL = 0;
				GCC_PREPROCESSOR_DEFINITIONS = (
					"DEBUG=1",
					"$(inherited)",
				);
				GCC_WARN_64_TO_32_BIT_CONVERSION = YES;
				GCC_WARN_ABOUT_RETURN_TYPE = YES_ERROR;
				GCC_WARN_UNDECLARED_SELECTOR = YES;
				GCC_WARN_UNINITIALIZED_AUTOS = YES_AGGRESSIVE;
				GCC_WARN_UNUSED_FUNCTION = YES;
				GCC_WARN_UNUSED_VARIABLE = YES;
				IPHONEOS_DEPLOYMENT_TARGET = 10.2;
				MTL_ENABLE_DEBUG_INFO = YES;
				ONLY_ACTIVE_ARCH = YES;
				SDKROOT = iphoneos;
				SWIFT_ACTIVE_COMPILATION_CONDITIONS = DEBUG;
				SWIFT_OPTIMIZATION_LEVEL = "-Onone";
				TARGETED_DEVICE_FAMILY = "1,2";
			};
			name = Debug;
		};
		18B090391F44CA8600CA2131 /* Release */ = {
			isa = XCBuildConfiguration;
			buildSettings = {
				ALWAYS_SEARCH_USER_PATHS = NO;
				CLANG_ANALYZER_NONNULL = YES;
				CLANG_CXX_LANGUAGE_STANDARD = "gnu++0x";
				CLANG_CXX_LIBRARY = "libc++";
				CLANG_ENABLE_MODULES = YES;
				CLANG_ENABLE_OBJC_ARC = YES;
				CLANG_WARN_BOOL_CONVERSION = YES;
				CLANG_WARN_CONSTANT_CONVERSION = YES;
				CLANG_WARN_DIRECT_OBJC_ISA_USAGE = YES_ERROR;
				CLANG_WARN_DOCUMENTATION_COMMENTS = YES;
				CLANG_WARN_EMPTY_BODY = YES;
				CLANG_WARN_ENUM_CONVERSION = YES;
				CLANG_WARN_INFINITE_RECURSION = YES;
				CLANG_WARN_INT_CONVERSION = YES;
				CLANG_WARN_OBJC_ROOT_CLASS = YES_ERROR;
				CLANG_WARN_SUSPICIOUS_MOVE = YES;
				CLANG_WARN_UNREACHABLE_CODE = YES;
				CLANG_WARN__DUPLICATE_METHOD_MATCH = YES;
				"CODE_SIGN_IDENTITY[sdk=iphoneos*]" = "iPhone Developer";
				COPY_PHASE_STRIP = NO;
				DEBUG_INFORMATION_FORMAT = "dwarf-with-dsym";
				ENABLE_NS_ASSERTIONS = NO;
				ENABLE_STRICT_OBJC_MSGSEND = YES;
				GCC_C_LANGUAGE_STANDARD = gnu99;
				GCC_NO_COMMON_BLOCKS = YES;
				GCC_WARN_64_TO_32_BIT_CONVERSION = YES;
				GCC_WARN_ABOUT_RETURN_TYPE = YES_ERROR;
				GCC_WARN_UNDECLARED_SELECTOR = YES;
				GCC_WARN_UNINITIALIZED_AUTOS = YES_AGGRESSIVE;
				GCC_WARN_UNUSED_FUNCTION = YES;
				GCC_WARN_UNUSED_VARIABLE = YES;
				IPHONEOS_DEPLOYMENT_TARGET = 10.2;
				MTL_ENABLE_DEBUG_INFO = NO;
				SDKROOT = iphoneos;
				SWIFT_OPTIMIZATION_LEVEL = "-Owholemodule";
				TARGETED_DEVICE_FAMILY = "1,2";
				VALIDATE_PRODUCT = YES;
			};
			name = Release;
		};
		18B0903B1F44CA8600CA2131 /* Debug */ = {
			isa = XCBuildConfiguration;
			baseConfigurationReference = 1F843B171BE923988F51F67F /* Pods-pokedex3.debug.xcconfig */;
			buildSettings = {
				ALWAYS_EMBED_SWIFT_STANDARD_LIBRARIES = YES;
				ASSETCATALOG_COMPILER_APPICON_NAME = AppIcon;
				INFOPLIST_FILE = pokedex3/Info.plist;
				LD_RUNPATH_SEARCH_PATHS = "$(inherited) @executable_path/Frameworks";
				PRODUCT_BUNDLE_IDENTIFIER = Chen.pokedex3;
				PRODUCT_NAME = "$(TARGET_NAME)";
				SWIFT_VERSION = 3.0;
			};
			name = Debug;
		};
		18B0903C1F44CA8600CA2131 /* Release */ = {
			isa = XCBuildConfiguration;
			baseConfigurationReference = DB0FC25ECB8881834DE89DA7 /* Pods-pokedex3.release.xcconfig */;
			buildSettings = {
				ALWAYS_EMBED_SWIFT_STANDARD_LIBRARIES = YES;
				ASSETCATALOG_COMPILER_APPICON_NAME = AppIcon;
				INFOPLIST_FILE = pokedex3/Info.plist;
				LD_RUNPATH_SEARCH_PATHS = "$(inherited) @executable_path/Frameworks";
				PRODUCT_BUNDLE_IDENTIFIER = Chen.pokedex3;
				PRODUCT_NAME = "$(TARGET_NAME)";
				SWIFT_VERSION = 3.0;
			};
			name = Release;
		};
/* End XCBuildConfiguration section */

/* Begin XCConfigurationList section */
		18B090231F44CA8600CA2131 /* Build configuration list for PBXProject "pokedex3" */ = {
			isa = XCConfigurationList;
			buildConfigurations = (
				18B090381F44CA8600CA2131 /* Debug */,
				18B090391F44CA8600CA2131 /* Release */,
			);
			defaultConfigurationIsVisible = 0;
			defaultConfigurationName = Release;
		};
		18B0903A1F44CA8600CA2131 /* Build configuration list for PBXNativeTarget "pokedex3" */ = {
			isa = XCConfigurationList;
			buildConfigurations = (
				18B0903B1F44CA8600CA2131 /* Debug */,
				18B0903C1F44CA8600CA2131 /* Release */,
			);
			defaultConfigurationIsVisible = 0;
			defaultConfigurationName = Release;
		};
/* End XCConfigurationList section */
	};
	rootObject = 18B090201F44CA8600CA2131 /* Project object */;
}
